<?xml version="1.0" encoding="utf-8"?>
<Project ToolsVersion="4.0" xmlns="http://schemas.microsoft.com/developer/msbuild/2003">
  <ItemGroup>
    <Filter Include="Source Files">
      <UniqueIdentifier>{4FC737F1-C7A5-4376-A066-2A32D752A2FF}</UniqueIdentifier>
      <Extensions>cpp;c;cc;cxx;c++;cppm;ixx;def;odl;idl;hpj;bat;asm;asmx</Extensions>
    </Filter>
    <Filter Include="Header Files">
      <UniqueIdentifier>{93995380-89BD-4b04-88EB-625FBE52EBFB}</UniqueIdentifier>
      <Extensions>h;hh;hpp;hxx;h++;hm;inl;inc;ipp;xsd</Extensions>
    </Filter>
    <Filter Include="Resource Files">
      <UniqueIdentifier>{67DA6AB6-F800-4c08-8B7A-83BB121AAD01}</UniqueIdentifier>
      <Extensions>rc;ico;cur;bmp;dlg;rc2;rct;bin;rgs;gif;jpg;jpeg;jpe;resx;tiff;tif;png;wav;mfcribbon-ms</Extensions>
    </Filter>
    <Filter Include="Powerups">
      <UniqueIdentifier>{f3758f5c-ad80-41b1-a2fb-fb910363ec2a}</UniqueIdentifier>
    </Filter>
  </ItemGroup>
  <ItemGroup>
    <ClCompile Include="main.cpp">
      <Filter>Source Files</Filter>
    </ClCompile>
    <ClCompile Include="Ball.cpp">
      <Filter>Source Files</Filter>
    </ClCompile>
    <ClCompile Include="Paddle.cpp">
      <Filter>Source Files</Filter>
    </ClCompile>
    <ClCompile Include="MessagingSystem.cpp">
      <Filter>Source Files</Filter>
    </ClCompile>
    <ClCompile Include="Brick.cpp">
      <Filter>Source Files</Filter>
    </ClCompile>
    <ClCompile Include="BrickManager.cpp">
      <Filter>Source Files</Filter>
    </ClCompile>
    <ClCompile Include="GameManager.cpp">
      <Filter>Source Files</Filter>
    </ClCompile>
    <ClCompile Include="PowerupManager.cpp">
      <Filter>Source Files</Filter>
    </ClCompile>
    <ClCompile Include="PowerupBase.cpp">
      <Filter>Powerups</Filter>
    </ClCompile>
    <ClCompile Include="UI.cpp">
      <Filter>Source Files</Filter>
    </ClCompile>
    <ClCompile Include="PowerupBigPaddle.cpp">
      <Filter>Powerups</Filter>
    </ClCompile>
    <ClCompile Include="PowerupSlowBall.cpp">
      <Filter>Powerups</Filter>
    </ClCompile>
    <ClCompile Include="PowerupSmallPaddle.cpp">
      <Filter>Powerups</Filter>
    </ClCompile>
    <ClCompile Include="PowerupFastBall.cpp">
      <Filter>Powerups</Filter>
    </ClCompile>
    <ClCompile Include="PowerupFireBall.cpp">
      <Filter>Powerups</Filter>
    </ClCompile>
    <ClCompile Include="PowerupBarrier.cpp">
      <Filter>Powerups</Filter>
    </ClCompile>
  </ItemGroup>
  <ItemGroup>
    <ClInclude Include="Ball.h">
      <Filter>Header Files</Filter>
    </ClInclude>
    <ClInclude Include="Paddle.h">
      <Filter>Header Files</Filter>
    </ClInclude>
    <ClInclude Include="MessagingSystem.h">
      <Filter>Header Files</Filter>
    </ClInclude>
    <ClInclude Include="Brick.h">
      <Filter>Header Files</Filter>
    </ClInclude>
    <ClInclude Include="BrickManager.h">
      <Filter>Header Files</Filter>
    </ClInclude>
    <ClInclude Include="GameManager.h">
      <Filter>Header Files</Filter>
    </ClInclude>
    <ClInclude Include="PowerupManager.h">
      <Filter>Header Files</Filter>
    </ClInclude>
    <ClInclude Include="PowerupBase.h">
      <Filter>Powerups</Filter>
    </ClInclude>
    <ClInclude Include="UI.h">
      <Filter>Header Files</Filter>
    </ClInclude>
    <ClInclude Include="PowerupBigPaddle.h">
      <Filter>Powerups</Filter>
    </ClInclude>
    <ClInclude Include="CONSTANTS.h">
      <Filter>Header Files</Filter>
    </ClInclude>
    <ClInclude Include="PowerupSlowBall.h">
      <Filter>Powerups</Filter>
    </ClInclude>
    <ClInclude Include="PowerupSmallPaddle.h">
      <Filter>Powerups</Filter>
    </ClInclude>
    <ClInclude Include="PowerupFastBall.h">
      <Filter>Powerups</Filter>
    </ClInclude>
    <ClInclude Include="PowerupFireBall.h">
      <Filter>Powerups</Filter>
    </ClInclude>
    <ClInclude Include="PowerupBarrier.h">
      <Filter>Powerups</Filter>
    </ClInclude>
  </ItemGroup>
</Project>